
Microsoft Visual Studio Solution File, Format Version 12.00
# Visual Studio Version 17
VisualStudioVersion = 17.13.35828.75 d17.13
MinimumVisualStudioVersion = 10.0.40219.1
Project("{FAE04EC0-301F-11D3-BF4B-00C04F79EFBC}") = "Barcos", "Barcos\Barcos.csproj", "{603FE656-E22B-49FF-BABF-E859E920D56C}"
EndProject
Global
	GlobalSection(SolutionConfigurationPlatforms) = preSolution
		Debug|Any CPU = Debug|Any CPU
		Release|Any CPU = Release|Any CPU
	EndGlobalSection
	GlobalSection(ProjectConfigurationPlatforms) = postSolution
		{603FE656-E22B-49FF-BABF-E859E920D56C}.Debug|Any CPU.ActiveCfg = Debug|Any CPU
		{603FE656-E22B-49FF-BABF-E859E920D56C}.Debug|Any CPU.Build.0 = Debug|Any CPU
		{603FE656-E22B-49FF-BABF-E859E920D56C}.Release|Any CPU.ActiveCfg = Release|Any CPU
		{603FE656-E22B-49FF-BABF-E859E920D56C}.Release|Any CPU.Build.0 = Release|Any CPU
	EndGlobalSection
	GlobalSection(SolutionProperties) = preSolution
		HideSolutionNode = FALSE
	EndGlobalSection
	GlobalSection(ExtensibilityGlobals) = postSolution
		SolutionGuid = {FE3130E0-B0E6-4748-8C0C-5A3EA5C4BC79}
	EndGlobalSection
EndGlobal
